
Microsoft Visual Studio Solution File, Format Version 12.00
# Visual Studio 14
VisualStudioVersion = 14.0.23107.0
MinimumVisualStudioVersion = 10.0.40219.1
Project("{FAE04EC0-301F-11D3-BF4B-00C04F79EFBC}") = "Barbar.Euler", "Barbar.Euler.csproj", "{183EFBA6-802A-4D94-AA0D-C894AECFD76C}"
EndProject
Project("{FAE04EC0-301F-11D3-BF4B-00C04F79EFBC}") = "Barbar.SymbolicMath", "..\SymbolicMath\Barbar.SymbolicMath.csproj", "{D4B02DE2-861E-46C4-A016-F9C65B71B1E5}"
EndProject
Global
	GlobalSection(SolutionConfigurationPlatforms) = preSolution
		Debug|Any CPU = Debug|Any CPU
		Release|Any CPU = Release|Any CPU
	EndGlobalSection
	GlobalSection(ProjectConfigurationPlatforms) = postSolution
		{183EFBA6-802A-4D94-AA0D-C894AECFD76C}.Debug|Any CPU.ActiveCfg = Debug|Any CPU
		{183EFBA6-802A-4D94-AA0D-C894AECFD76C}.Debug|Any CPU.Build.0 = Debug|Any CPU
		{183EFBA6-802A-4D94-AA0D-C894AECFD76C}.Release|Any CPU.ActiveCfg = Release|Any CPU
		{183EFBA6-802A-4D94-AA0D-C894AECFD76C}.Release|Any CPU.Build.0 = Release|Any CPU
		{D4B02DE2-861E-46C4-A016-F9C65B71B1E5}.Debug|Any CPU.ActiveCfg = Debug|Any CPU
		{D4B02DE2-861E-46C4-A016-F9C65B71B1E5}.Debug|Any CPU.Build.0 = Debug|Any CPU
		{D4B02DE2-861E-46C4-A016-F9C65B71B1E5}.Release|Any CPU.ActiveCfg = Release|Any CPU
		{D4B02DE2-861E-46C4-A016-F9C65B71B1E5}.Release|Any CPU.Build.0 = Release|Any CPU
	EndGlobalSection
	GlobalSection(SolutionProperties) = preSolution
		HideSolutionNode = FALSE
	EndGlobalSection
EndGlobal
